{
  "name": "lisa.sync.aokadapter",
  "version": "1.0.0",
  "lockfileVersion": 1,
  "requires": true,
  "dependencies": {
    "axios": {
      "version": "0.19.0",
      "resolved": "https://registry.npmjs.org/axios/-/axios-0.19.0.tgz",
      "integrity": "sha512-1uvKqKQta3KBxIz14F2v06AEHZ/dIoeKfbTRkK1E5oqjDnuEerLmYTgJB5AiQZHJcljpg1TuRzdjDR06qNk0DQ==",
      "requires": {
        "follow-redirects": "1.5.10",
        "is-buffer": "^2.0.2"
      }
    },
    "cli.config.js": {
      "version": "1.3.0",
      "resolved": "https://registry.npmjs.org/cli.config.js/-/cli.config.js-1.3.0.tgz",
      "integrity": "sha512-lbSlj7ViQFUMk+EN/1Bu4OrgjkTJWtzxDy/2hy6e/XAfMwccGEjHBi4OXv8y4xDtENbSr2dZy97KVLBC7z5rlg==",
      "requires": {
        "commander": "^2.19.0",
        "object-assign-deep": "^0.4.0"
      }
    },
    "commander": {
      "version": "2.20.3",
      "resolved": "https://registry.npmjs.org/commander/-/commander-2.20.3.tgz",
      "integrity": "sha512-GpVkmM8vF2vQUkj2LvZmD35JxeJOLCwJ9cUkugyk2nuhbv3+mJvpLYYt+0+USMxE+oj+ey/lJEnhZw75x/OMcQ=="
    },
    "debug": {
      "version": "3.1.0",
      "resolved": "https://registry.npmjs.org/debug/-/debug-3.1.0.tgz",
      "integrity": "sha512-OX8XqP7/1a9cqkxYw2yXss15f26NKWBpDXQd0/uK/KPqdQhxbPa994hnzjcE2VqQpDslf55723cKPUOGSmMY3g==",
      "requires": {
        "ms": "2.0.0"
      }
    },
    "dproxy.js": {
      "version": "1.0.0",
      "resolved": "https://registry.npmjs.org/dproxy.js/-/dproxy.js-1.0.0.tgz",
      "integrity": "sha512-SMq5ihfUYPyhbE/L0uT+N3NhTXRssqoUtJp4OJ8de0uYxa9CNiA5EwvGllZWefr9ZtsjGSEB9W45Og+trXFhJg==",
      "dev": true
    },
    "find": {
      "version": "0.3.0",
      "resolved": "https://registry.npmjs.org/find/-/find-0.3.0.tgz",
      "integrity": "sha512-iSd+O4OEYV/I36Zl8MdYJO0xD82wH528SaCieTVHhclgiYNe9y+yPKSwK+A7/WsmHL1EZ+pYUJBXWTL5qofksw==",
      "dev": true,
      "requires": {
        "traverse-chain": "~0.1.0"
      }
    },
    "follow-redirects": {
      "version": "1.5.10",
      "resolved": "https://registry.npmjs.org/follow-redirects/-/follow-redirects-1.5.10.tgz",
      "integrity": "sha512-0V5l4Cizzvqt5D44aTXbFZz+FtyXV1vrDN6qrelxtfYQKW0KO0W2T/hkE8xvGa/540LkZlkaUjO4ailYTFtHVQ==",
      "requires": {
        "debug": "=3.1.0"
      }
    },
    "hash-sum": {
      "version": "2.0.0",
      "resolved": "https://registry.npmjs.org/hash-sum/-/hash-sum-2.0.0.tgz",
      "integrity": "sha512-WdZTbAByD+pHfl/g9QSsBIIwy8IT+EsPiKDs0KNX+zSHhdDLFKdZu0BQHljvO+0QI/BasbMSUa8wYNCZTvhslg==",
      "dev": true
    },
    "ilink.js": {
      "version": "1.1.2",
      "resolved": "https://registry.npmjs.org/ilink.js/-/ilink.js-1.1.2.tgz",
      "integrity": "sha512-hWu+26T7Zel0aZGsJQ3IRPwC6rTpkmAkc8vxE7Vc9mbJG8E0iAqUsGn9CVN380Rs0gtN5Cr1T6LMXLrkMGZhjQ==",
      "dev": true,
      "requires": {
        "debug": "^4.1.1",
        "dproxy.js": "^1.0.0",
        "find": "^0.3.0",
        "hash-sum": "^2.0.0",
        "lisa.utils": "^1.1.0"
      },
      "dependencies": {
        "debug": {
          "version": "4.1.1",
          "resolved": "https://registry.npmjs.org/debug/-/debug-4.1.1.tgz",
          "integrity": "sha512-pYAIzeRo8J6KPEaJ0VWOh5Pzkbw/RetuzehGM7QRRX5he4fPHx2rdKMB256ehJCkX+XRQm16eZLqLNS8RSZXZw==",
          "dev": true,
          "requires": {
            "ms": "^2.1.1"
          }
        },
        "ms": {
          "version": "2.1.2",
          "resolved": "https://registry.npmjs.org/ms/-/ms-2.1.2.tgz",
          "integrity": "sha512-sGkPx+VjMtmA6MX27oA4FBFELFCZZ4S4XqeGOXCv68tT+jb3vk/RyaKWP0PTKyWtmLSM0b+adUTEvbs1PEaH2w==",
          "dev": true
        }
      }
    },
    "is-buffer": {
      "version": "2.0.4",
      "resolved": "https://registry.npmjs.org/is-buffer/-/is-buffer-2.0.4.tgz",
      "integrity": "sha512-Kq1rokWXOPXWuaMAqZiJW4XxsmD9zGx9q4aePabbn3qCRGedtH7Cm+zV8WETitMfu1wdh+Rvd6w5egwSngUX2A=="
    },
    "lisa.orbit": {
      "version": "1.0.3",
      "resolved": "https://registry.npmjs.org/lisa.orbit/-/lisa.orbit-1.0.3.tgz",
      "integrity": "sha512-7HxLpvVoYDWSpwK2aQvW1ixU9dkEByyHzl5BDRRiVBzKkcVSMCdpeGowVQxU6vECefB8CUvg7vcoYCNWUenejw==",
      "dev": true,
      "requires": {
        "lisa.promise": "^1.1.0",
        "lisa.utils": "^1.0.0"
      }
    },
    "lisa.promise": {
      "version": "1.1.1",
      "resolved": "https://registry.npmjs.org/lisa.promise/-/lisa.promise-1.1.1.tgz",
      "integrity": "sha512-ptLW3LMQecIW3ZrM6w1D3Y4pEgjasvD2YBhiwdBmJp2BAG0cQx0Qjnih0hBjl+tCu8QQuXYhmBTFBakZjFrIjg==",
      "dev": true,
      "requires": {
        "promise-sequential": "^1.1.1"
      }
    },
    "lisa.sync": {
      "version": "1.1.0",
      "resolved": "https://registry.npmjs.org/lisa.sync/-/lisa.sync-1.1.0.tgz",
      "integrity": "sha512-E0EZwWmahqTFHzGIawwXDSkmztwRpYyx7Ecrq1yKX+3tS7VYcstWmVxxjNrzxA2BhLXCrEg9l9h4/h2dj/yUbA==",
      "dev": true,
      "requires": {
        "debug": "^4.1.1",
        "ilink.js": "^1.1.2",
        "lisa.orbit": "^1.0.3",
        "lisa.utils": "^1.0.0"
      },
      "dependencies": {
        "debug": {
          "version": "4.1.1",
          "resolved": "https://registry.npmjs.org/debug/-/debug-4.1.1.tgz",
          "integrity": "sha512-pYAIzeRo8J6KPEaJ0VWOh5Pzkbw/RetuzehGM7QRRX5he4fPHx2rdKMB256ehJCkX+XRQm16eZLqLNS8RSZXZw==",
          "dev": true,
          "requires": {
            "ms": "^2.1.1"
          }
        },
        "ms": {
          "version": "2.1.2",
          "resolved": "https://registry.npmjs.org/ms/-/ms-2.1.2.tgz",
          "integrity": "sha512-sGkPx+VjMtmA6MX27oA4FBFELFCZZ4S4XqeGOXCv68tT+jb3vk/RyaKWP0PTKyWtmLSM0b+adUTEvbs1PEaH2w==",
          "dev": true
        }
      }
    },
    "lisa.utils": {
      "version": "1.1.0",
      "resolved": "https://registry.npmjs.org/lisa.utils/-/lisa.utils-1.1.0.tgz",
      "integrity": "sha512-HcNFeExd3UjLZ56+L4KnTRSYfahaB+m6lJsoJ2dmo9ObxzS4kBKt5DCcgYHUPWcZTaqoNfI0GYMIG85VjjvbOg=="
    },
    "ms": {
      "version": "2.0.0",
      "resolved": "https://registry.npmjs.org/ms/-/ms-2.0.0.tgz",
      "integrity": "sha1-VgiurfwAvmwpAd9fmGF4jeDVl8g="
    },
    "object-assign-deep": {
      "version": "0.4.0",
      "resolved": "https://registry.npmjs.org/object-assign-deep/-/object-assign-deep-0.4.0.tgz",
      "integrity": "sha512-54Uvn3s+4A/cMWx9tlRez1qtc7pN7pbQ+Yi7mjLjcBpWLlP+XbSHiHbQW6CElDiV4OvuzqnMrBdkgxI1mT8V/Q=="
    },
    "promise-sequential": {
      "version": "1.1.1",
      "resolved": "https://registry.npmjs.org/promise-sequential/-/promise-sequential-1.1.1.tgz",
      "integrity": "sha1-956JUO+G56eoW/MgRSZDWS9tL7I=",
      "dev": true
    },
    "traverse-chain": {
      "version": "0.1.0",
      "resolved": "https://registry.npmjs.org/traverse-chain/-/traverse-chain-0.1.0.tgz",
      "integrity": "sha1-YdvC1Ttp/2CRoSoWj9fUMxB+QPE=",
      "dev": true
    }
  }
}
